// !$*UTF8*$!
{
	archiveVersion = 1;
	classes = { };
	objectVersion = 56;
	objects = {

/* Begin PBXBuildFile section */
        151515151515151515151515 /* CatalogCore.swift in Sources */ = {isa = PBXBuildFile; fileRef = 111111111111111111111111 /* CatalogCore.swift */; };
        152525252525252525252525 /* ContentViews.swift in Sources */ = {isa = PBXBuildFile; fileRef = 121212121212121212121212 /* ContentViews.swift */; };
        153535353535353535353535 /* ToolViews.swift in Sources */ = {isa = PBXBuildFile; fileRef = 131313131313131313131313 /* ToolViews.swift */; };
        154545454545454545454545 /* enVApp.swift in Sources */ = {isa = PBXBuildFile; fileRef = 141414141414141414141414 /* enVApp.swift */; };
	        181818222222222222222222 /* NativeTextEngine.swift in Sources */ = {isa = PBXBuildFile; fileRef = 181818111111111111111111 /* NativeTextEngine.swift */; };
	        191919222222222222222222 /* NativeTextEngineTests.swift in Sources */ = {isa = PBXBuildFile; fileRef = 191919111111111111111111 /* NativeTextEngineTests.swift */; };
	        A10000000000000000000001 /* NativeCodecEngine.swift in Sources */ = {isa = PBXBuildFile; fileRef = B10000000000000000000001 /* NativeCodecEngine.swift */; };
	        A10000000000000000000002 /* NativeColorEngine.swift in Sources */ = {isa = PBXBuildFile; fileRef = B10000000000000000000002 /* NativeColorEngine.swift */; };
	        A10000000000000000000003 /* NativeDateTimeEngine.swift in Sources */ = {isa = PBXBuildFile; fileRef = B10000000000000000000003 /* NativeDateTimeEngine.swift */; };
	        A10000000000000000000004 /* NativeMimeEngine.swift in Sources */ = {isa = PBXBuildFile; fileRef = B10000000000000000000004 /* NativeMimeEngine.swift */; };
	        A10000000000000000000005 /* NativeUrlMediaInfoEngine.swift in Sources */ = {isa = PBXBuildFile; fileRef = B10000000000000000000005 /* NativeUrlMediaInfoEngine.swift */; };
        A40000000000000000000005 /* NativeUtilityEngine.swift in Sources */ = {isa = PBXBuildFile; fileRef = B40000000000000000000005 /* NativeUtilityEngine.swift */; };
        A40000000000000000000006 /* NativeCalculatorEngine.swift in Sources */ = {isa = PBXBuildFile; fileRef = B40000000000000000000006 /* NativeCalculatorEngine.swift */; };
        A40000000000000000000007 /* NativeWebFallbackToolView.swift in Sources */ = {isa = PBXBuildFile; fileRef = B40000000000000000000007 /* NativeWebFallbackToolView.swift */; };
        A40000000000000000000001 /* NativeEngineData.swift in Sources */ = {isa = PBXBuildFile; fileRef = B40000000000000000000001 /* NativeEngineData.swift */; };
        A40000000000000000000002 /* NativeConverterEngine.swift in Sources */ = {isa = PBXBuildFile; fileRef = B40000000000000000000002 /* NativeConverterEngine.swift */; };
        A40000000000000000000003 /* NativeExpansionCalculatorEngine.swift in Sources */ = {isa = PBXBuildFile; fileRef = B40000000000000000000003 /* NativeExpansionCalculatorEngine.swift */; };
        A40000000000000000000004 /* NativeMathExerciseEngine.swift in Sources */ = {isa = PBXBuildFile; fileRef = B40000000000000000000004 /* NativeMathExerciseEngine.swift */; };
        A40000000000000000000008 /* NativeCalculatorData.swift in Sources */ = {isa = PBXBuildFile; fileRef = B40000000000000000000008 /* NativeCalculatorData.swift */; };
	        A10000000000000000000006 /* NativeCodecEngineTests.swift in Sources */ = {isa = PBXBuildFile; fileRef = B10000000000000000000006 /* NativeCodecEngineTests.swift */; };
	        A10000000000000000000007 /* NativeColorEngineTests.swift in Sources */ = {isa = PBXBuildFile; fileRef = B10000000000000000000007 /* NativeColorEngineTests.swift */; };
	        A10000000000000000000008 /* NativeDateTimeEngineTests.swift in Sources */ = {isa = PBXBuildFile; fileRef = B10000000000000000000008 /* NativeDateTimeEngineTests.swift */; };
	        A10000000000000000000009 /* NativeMimeEngineTests.swift in Sources */ = {isa = PBXBuildFile; fileRef = B10000000000000000000009 /* NativeMimeEngineTests.swift */; };
	        A1000000000000000000000A /* NativeUrlMediaInfoEngineTests.swift in Sources */ = {isa = PBXBuildFile; fileRef = B1000000000000000000000A /* NativeUrlMediaInfoEngineTests.swift */; };
		161616161616161616161616 /* catalog.json in Resources */ = {isa = PBXBuildFile; fileRef = 888888888888888888888888 /* catalog.json */; };
		76C612C7171249D4BA242035 /* native-icons in Resources */ = {isa = PBXBuildFile; fileRef = D9C644EB1332427BA2BD80E4 /* native-icons */; };
		A30000000000000000000001 /* NativeCopy.swift in Sources */ = {isa = PBXBuildFile; fileRef = C30000000000000000000001 /* NativeCopy.swift */; };
		A30000000000000000000002 /* Assets.xcassets in Resources */ = {isa = PBXBuildFile; fileRef = C30000000000000000000002 /* Assets.xcassets */; };
	171717171717171717171717 /* CatalogCoreTests.swift in Sources */ = {isa = PBXBuildFile; fileRef = AAAAAAAAAAAAAAAAAAAAAAAA /* CatalogCoreTests.swift */; };
/* End PBXBuildFile section */

/* Begin PBXFileReference section */
	666666666666666666666666 /* enV.app */ = {isa = PBXFileReference; explicitFileType = wrapper.application; includeInIndex = 0; path = enV.app; sourceTree = BUILT_PRODUCTS_DIR; };
	777777777777777777777777 /* enVTests.xctest */ = {isa = PBXFileReference; explicitFileType = wrapper.cfbundle; includeInIndex = 0; path = enVTests.xctest; sourceTree = BUILT_PRODUCTS_DIR; };
	111111111111111111111111 /* CatalogCore.swift */ = {isa = PBXFileReference; lastKnownFileType = sourcecode.swift; path = CatalogCore.swift; sourceTree = "<group>"; };
	121212121212121212121212 /* ContentViews.swift */ = {isa = PBXFileReference; lastKnownFileType = sourcecode.swift; path = ContentViews.swift; sourceTree = "<group>"; };
	131313131313131313131313 /* ToolViews.swift */ = {isa = PBXFileReference; lastKnownFileType = sourcecode.swift; path = ToolViews.swift; sourceTree = "<group>"; };
	141414141414141414141414 /* enVApp.swift */ = {isa = PBXFileReference; lastKnownFileType = sourcecode.swift; path = enVApp.swift; sourceTree = "<group>"; };
	        181818111111111111111111 /* NativeTextEngine.swift */ = {isa = PBXFileReference; lastKnownFileType = sourcecode.swift; path = NativeTextEngine.swift; sourceTree = "<group>"; };
	        191919111111111111111111 /* NativeTextEngineTests.swift */ = {isa = PBXFileReference; lastKnownFileType = sourcecode.swift; path = NativeTextEngineTests.swift; sourceTree = "<group>"; };
	        B10000000000000000000001 /* NativeCodecEngine.swift */ = {isa = PBXFileReference; lastKnownFileType = sourcecode.swift; path = NativeCodecEngine.swift; sourceTree = "<group>"; };
	        B10000000000000000000002 /* NativeColorEngine.swift */ = {isa = PBXFileReference; lastKnownFileType = sourcecode.swift; path = NativeColorEngine.swift; sourceTree = "<group>"; };
	        B10000000000000000000003 /* NativeDateTimeEngine.swift */ = {isa = PBXFileReference; lastKnownFileType = sourcecode.swift; path = NativeDateTimeEngine.swift; sourceTree = "<group>"; };
	        B10000000000000000000004 /* NativeMimeEngine.swift */ = {isa = PBXFileReference; lastKnownFileType = sourcecode.swift; path = NativeMimeEngine.swift; sourceTree = "<group>"; };
	        B10000000000000000000005 /* NativeUrlMediaInfoEngine.swift */ = {isa = PBXFileReference; lastKnownFileType = sourcecode.swift; path = NativeUrlMediaInfoEngine.swift; sourceTree = "<group>"; };
	        B10000000000000000000006 /* NativeCodecEngineTests.swift */ = {isa = PBXFileReference; lastKnownFileType = sourcecode.swift; path = NativeCodecEngineTests.swift; sourceTree = "<group>"; };
	        B10000000000000000000007 /* NativeColorEngineTests.swift */ = {isa = PBXFileReference; lastKnownFileType = sourcecode.swift; path = NativeColorEngineTests.swift; sourceTree = "<group>"; };
	        B10000000000000000000008 /* NativeDateTimeEngineTests.swift */ = {isa = PBXFileReference; lastKnownFileType = sourcecode.swift; path = NativeDateTimeEngineTests.swift; sourceTree = "<group>"; };
	        B10000000000000000000009 /* NativeMimeEngineTests.swift */ = {isa = PBXFileReference; lastKnownFileType = sourcecode.swift; path = NativeMimeEngineTests.swift; sourceTree = "<group>"; };
	        B1000000000000000000000A /* NativeUrlMediaInfoEngineTests.swift */ = {isa = PBXFileReference; lastKnownFileType = sourcecode.swift; path = NativeUrlMediaInfoEngineTests.swift; sourceTree = "<group>"; };
		888888888888888888888888 /* catalog.json */ = {isa = PBXFileReference; lastKnownFileType = text.json; name = catalog.json; path = ../shared/catalog.json; sourceTree = "<group>"; };
		D9C644EB1332427BA2BD80E4 /* native-icons */ = {isa = PBXFileReference; lastKnownFileType = folder; name = native-icons; path = ../shared/native-icons; sourceTree = "<group>"; };
	C30000000000000000000001 /* NativeCopy.swift */ = {isa = PBXFileReference; lastKnownFileType = sourcecode.swift; path = NativeCopy.swift; sourceTree = "<group>"; };
	C30000000000000000000002 /* Assets.xcassets */ = {isa = PBXFileReference; lastKnownFileType = folder.assetcatalog; path = Assets.xcassets; sourceTree = "<group>"; };
        B40000000000000000000001 /* NativeEngineData.swift */ = {isa = PBXFileReference; lastKnownFileType = sourcecode.swift; path = NativeEngineData.swift; sourceTree = "<group>"; };
        B40000000000000000000002 /* NativeConverterEngine.swift */ = {isa = PBXFileReference; lastKnownFileType = sourcecode.swift; path = NativeConverterEngine.swift; sourceTree = "<group>"; };
        B40000000000000000000003 /* NativeExpansionCalculatorEngine.swift */ = {isa = PBXFileReference; lastKnownFileType = sourcecode.swift; path = NativeExpansionCalculatorEngine.swift; sourceTree = "<group>"; };
        B40000000000000000000004 /* NativeMathExerciseEngine.swift */ = {isa = PBXFileReference; lastKnownFileType = sourcecode.swift; path = NativeMathExerciseEngine.swift; sourceTree = "<group>"; };
        B40000000000000000000005 /* NativeUtilityEngine.swift */ = {isa = PBXFileReference; lastKnownFileType = sourcecode.swift; path = NativeUtilityEngine.swift; sourceTree = "<group>"; };
        B40000000000000000000006 /* NativeCalculatorEngine.swift */ = {isa = PBXFileReference; lastKnownFileType = sourcecode.swift; path = NativeCalculatorEngine.swift; sourceTree = "<group>"; };
        B40000000000000000000007 /* NativeWebFallbackToolView.swift */ = {isa = PBXFileReference; lastKnownFileType = sourcecode.swift; path = NativeWebFallbackToolView.swift; sourceTree = "<group>"; };
        B40000000000000000000008 /* NativeCalculatorData.swift */ = {isa = PBXFileReference; lastKnownFileType = sourcecode.swift; path = NativeCalculatorData.swift; sourceTree = "<group>"; };
	999999999999999999999999 /* Info.plist */ = {isa = PBXFileReference; lastKnownFileType = text.plist.xml; path = Info.plist; sourceTree = "<group>"; };
	AAAAAAAAAAAAAAAAAAAAAAAA /* CatalogCoreTests.swift */ = {isa = PBXFileReference; lastKnownFileType = sourcecode.swift; path = CatalogCoreTests.swift; sourceTree = "<group>"; };
/* End PBXFileReference section */

/* Begin PBXFrameworksBuildPhase section */
	F10000000000000000000000 /* Frameworks */ = {isa = PBXFrameworksBuildPhase; buildActionMask = 2147483647; files = (); runOnlyForDeploymentPostprocessing = 0; };
	F20000000000000000000000 /* Test Frameworks */ = {isa = PBXFrameworksBuildPhase; buildActionMask = 2147483647; files = (); runOnlyForDeploymentPostprocessing = 0; };
/* End PBXFrameworksBuildPhase section */

/* Begin PBXGroup section */
        222222222222222222222222 = {isa = PBXGroup; children = (333333333333333333333333,444444444444444444444444,555555555555555555555555,888888888888888888888888,D9C644EB1332427BA2BD80E4,); sourceTree = "<group>"; };
        333333333333333333333333 /* enV */ = {isa = PBXGroup; children = (111111111111111111111111,121212121212121212121212,131313131313131313131313,141414141414141414141414,181818111111111111111111,B10000000000000000000001,B10000000000000000000002,B10000000000000000000003,B10000000000000000000004,B10000000000000000000005,B40000000000000000000001,B40000000000000000000002,B40000000000000000000003,B40000000000000000000004,B40000000000000000000005,B40000000000000000000006,B40000000000000000000007,B40000000000000000000008,C30000000000000000000001,C30000000000000000000002,999999999999999999999999,); path = enV; sourceTree = "<group>"; };
        444444444444444444444444 /* enVTests */ = {isa = PBXGroup; children = (AAAAAAAAAAAAAAAAAAAAAAAA,191919111111111111111111,B10000000000000000000006,B10000000000000000000007,B10000000000000000000008,B10000000000000000000009,B1000000000000000000000A,); path = enVTests; sourceTree = "<group>"; };
	555555555555555555555555 /* Products */ = {isa = PBXGroup; children = (666666666666666666666666,777777777777777777777777,); name = Products; sourceTree = "<group>"; };
/* End PBXGroup section */

/* Begin PBXNativeTarget section */
	BBBBBBBBBBBBBBBBBBBBBBBB /* enV */ = {isa = PBXNativeTarget; buildConfigurationList = F60000000000000000000000; buildPhases = (DDDDDDDDDDDDDDDDDDDDDDDD,F00000000000000000000000,F10000000000000000000000,); buildRules = (); dependencies = (); name = enV; productName = enV; productReference = 666666666666666666666666; productType = "com.apple.product-type.application"; };
	CCCCCCCCCCCCCCCCCCCCCCCC /* enVTests */ = {isa = PBXNativeTarget; buildConfigurationList = F70000000000000000000000; buildPhases = (EEEEEEEEEEEEEEEEEEEEEEEE,F20000000000000000000000,); buildRules = (); dependencies = (F40000000000000000000000,); name = enVTests; productName = enVTests; productReference = 777777777777777777777777; productType = "com.apple.product-type.bundle.unit-test"; };
/* End PBXNativeTarget section */

/* Begin PBXProject section */
        ABCDEFABCDEFABCDEFABCDEF /* Project object */ = {isa = PBXProject; attributes = {LastSwiftUpdateCheck = 1500; LastUpgradeCheck = 1500; TargetAttributes = {BBBBBBBBBBBBBBBBBBBBBBBB = {CreatedOnToolsVersion = 15.0;}; CCCCCCCCCCCCCCCCCCCCCCCC = {CreatedOnToolsVersion = 15.0; TestTargetID = BBBBBBBBBBBBBBBBBBBBBBBB;}; }; }; buildConfigurationList = F50000000000000000000000; compatibilityVersion = "Xcode 14.0"; developmentRegion = en; hasScannedForEncodings = 0; knownRegions = (en, Base,); mainGroup = 222222222222222222222222; productRefGroup = 555555555555555555555555; projectDirPath = ""; projectRoot = ""; targets = (BBBBBBBBBBBBBBBBBBBBBBBB,CCCCCCCCCCCCCCCCCCCCCCCC,); };
/* End PBXProject section */

/* Begin PBXResourcesBuildPhase section */
	F00000000000000000000000 /* Resources */ = {isa = PBXResourcesBuildPhase; buildActionMask = 2147483647; files = (161616161616161616161616 /* catalog.json in Resources */,76C612C7171249D4BA242035 /* native-icons in Resources */,A30000000000000000000002 /* Assets.xcassets in Resources */,); runOnlyForDeploymentPostprocessing = 0; };
/* End PBXResourcesBuildPhase section */

/* Begin PBXSourcesBuildPhase section */
        DDDDDDDDDDDDDDDDDDDDDDDD /* Sources */ = {isa = PBXSourcesBuildPhase; buildActionMask = 2147483647; files = (151515151515151515151515,152525252525252525252525,153535353535353535353535,154545454545454545454545,181818222222222222222222,A10000000000000000000001,A10000000000000000000002,A10000000000000000000003,A10000000000000000000004,A10000000000000000000005,A40000000000000000000001,A40000000000000000000002,A40000000000000000000003,A40000000000000000000004,A40000000000000000000005,A40000000000000000000006,A40000000000000000000007,A40000000000000000000008,A30000000000000000000001,); runOnlyForDeploymentPostprocessing = 0; };
        EEEEEEEEEEEEEEEEEEEEEEEE /* Test Sources */ = {isa = PBXSourcesBuildPhase; buildActionMask = 2147483647; files = (171717171717171717171717 /* CatalogCoreTests.swift in Sources */,191919222222222222222222 /* NativeTextEngineTests.swift in Sources */,A10000000000000000000006,A10000000000000000000007,A10000000000000000000008,A10000000000000000000009,A1000000000000000000000A,); runOnlyForDeploymentPostprocessing = 0; };
/* End PBXSourcesBuildPhase section */

/* Begin PBXTargetDependency section */
	F40000000000000000000000 /* PBXTargetDependency */ = {isa = PBXTargetDependency; target = BBBBBBBBBBBBBBBBBBBBBBBB; targetProxy = F30000000000000000000000; };
/* End PBXTargetDependency section */

/* Begin PBXContainerItemProxy section */
        F30000000000000000000000 /* PBXContainerItemProxy */ = {isa = PBXContainerItemProxy; containerPortal = ABCDEFABCDEFABCDEFABCDEF; proxyType = 1; remoteGlobalIDString = BBBBBBBBBBBBBBBBBBBBBBBB; remoteInfo = enV; };
/* End PBXContainerItemProxy section */

/* Begin XCBuildConfiguration section */
		F80000000000000000000000 /* Debug */ = {isa = XCBuildConfiguration; buildSettings = {ENABLE_TESTABILITY = YES; ASSETCATALOG_COMPILER_APPICON_NAME = AppIcon; CODE_SIGN_STYLE = Automatic; CURRENT_PROJECT_VERSION = 6; GENERATE_INFOPLIST_FILE = NO; INFOPLIST_FILE = enV/Info.plist; LD_RUNPATH_SEARCH_PATHS = "$(inherited) @executable_path/Frameworks"; MARKETING_VERSION = 1.1.0; PRODUCT_BUNDLE_IDENTIFIER = com.chastech.env; PRODUCT_NAME = "$(TARGET_NAME)"; TARGETED_DEVICE_FAMILY = "1,2"; CLANG_ENABLE_MODULES = YES; IPHONEOS_DEPLOYMENT_TARGET = 16.4; SDKROOT = iphoneos; SUPPORTED_PLATFORMS = "iphoneos iphonesimulator"; SWIFT_VERSION = 5.0;}; name = Debug; };
		F90000000000000000000000 /* Release */ = {isa = XCBuildConfiguration; buildSettings = {ASSETCATALOG_COMPILER_APPICON_NAME = AppIcon; CODE_SIGN_STYLE = Automatic; CURRENT_PROJECT_VERSION = 6; GENERATE_INFOPLIST_FILE = NO; INFOPLIST_FILE = enV/Info.plist; LD_RUNPATH_SEARCH_PATHS = "$(inherited) @executable_path/Frameworks"; MARKETING_VERSION = 1.1.0; PRODUCT_BUNDLE_IDENTIFIER = com.chastech.env; PRODUCT_NAME = "$(TARGET_NAME)"; SWIFT_OPTIMIZATION_LEVEL = "-Owholemodule"; TARGETED_DEVICE_FAMILY = "1,2"; CLANG_ENABLE_MODULES = YES; IPHONEOS_DEPLOYMENT_TARGET = 16.4; SDKROOT = iphoneos; SUPPORTED_PLATFORMS = "iphoneos iphonesimulator"; SWIFT_VERSION = 5.0;}; name = Release; };
		FA0000000000000000000000 /* Test Debug */ = {isa = XCBuildConfiguration; buildSettings = {BUNDLE_LOADER = "$(TEST_HOST)"; CODE_SIGN_STYLE = Automatic; GENERATE_INFOPLIST_FILE = YES; IPHONEOS_DEPLOYMENT_TARGET = 16.4; MARKETING_VERSION = 1.1.0; PRODUCT_BUNDLE_IDENTIFIER = com.chastech.envTests; PRODUCT_NAME = "$(TARGET_NAME)"; SDKROOT = iphoneos; SUPPORTED_PLATFORMS = "iphoneos iphonesimulator"; SWIFT_VERSION = 5.0; TEST_HOST = "$(BUILT_PRODUCTS_DIR)/enV.app/enV";}; name = Debug; };
		FB0000000000000000000000 /* Test Release */ = {isa = XCBuildConfiguration; buildSettings = {BUNDLE_LOADER = "$(TEST_HOST)"; CODE_SIGN_STYLE = Automatic; GENERATE_INFOPLIST_FILE = YES; IPHONEOS_DEPLOYMENT_TARGET = 16.4; MARKETING_VERSION = 1.1.0; PRODUCT_BUNDLE_IDENTIFIER = com.chastech.envTests; PRODUCT_NAME = "$(TARGET_NAME)"; SDKROOT = iphoneos; SUPPORTED_PLATFORMS = "iphoneos iphonesimulator"; SWIFT_VERSION = 5.0; TEST_HOST = "$(BUILT_PRODUCTS_DIR)/enV.app/enV";}; name = Release; };
/* End XCBuildConfiguration section */

/* Begin XCConfigurationList section */
	F50000000000000000000000 /* Build configuration list for PBXProject */ = {isa = XCConfigurationList; buildConfigurations = (F80000000000000000000000,F90000000000000000000000,); defaultConfigurationIsVisible = 0; defaultConfigurationName = Release; };
	F60000000000000000000000 /* Build configuration list for enV */ = {isa = XCConfigurationList; buildConfigurations = (F80000000000000000000000,F90000000000000000000000,); defaultConfigurationIsVisible = 0; defaultConfigurationName = Release; };
	F70000000000000000000000 /* Build configuration list for enVTests */ = {isa = XCConfigurationList; buildConfigurations = (FA0000000000000000000000,FB0000000000000000000000,); defaultConfigurationIsVisible = 0; defaultConfigurationName = Release; };
/* End XCConfigurationList section */
}; rootObject = ABCDEFABCDEFABCDEFABCDEF /* Project object */; }
